
Microsoft Visual Studio Solution File, Format Version 12.00
# Visual Studio 15
Project("{FAE04EC0-301F-11D3-BF4B-00C04F79EFBC}") = "Assembly-CSharp", "Assembly-CSharp.csproj", "{D3D9B6A1-A0A5-0199-9D18-A20000818D80}"
EndProject
Project("{FAE04EC0-301F-11D3-BF4B-00C04F79EFBC}") = "Assembly-CSharp-Editor", "Assembly-CSharp-Editor.csproj", "{206028E2-A372-7F05-23D7-D8EA3CBD2F50}"
EndProject
Global
	GlobalSection(SolutionConfigurationPlatforms) = preSolution
		Debug|Any CPU = Debug|Any CPU
		Release|Any CPU = Release|Any CPU
	EndGlobalSection
	GlobalSection(ProjectConfigurationPlatforms) = postSolution
		{D3D9B6A1-A0A5-0199-9D18-A20000818D80}.Debug|Any CPU.ActiveCfg = Debug|Any CPU
		{D3D9B6A1-A0A5-0199-9D18-A20000818D80}.Debug|Any CPU.Build.0 = Debug|Any CPU
		{D3D9B6A1-A0A5-0199-9D18-A20000818D80}.Release|Any CPU.ActiveCfg = Release|Any CPU
		{D3D9B6A1-A0A5-0199-9D18-A20000818D80}.Release|Any CPU.Build.0 = Release|Any CPU
		{206028E2-A372-7F05-23D7-D8EA3CBD2F50}.Debug|Any CPU.ActiveCfg = Debug|Any CPU
		{206028E2-A372-7F05-23D7-D8EA3CBD2F50}.Debug|Any CPU.Build.0 = Debug|Any CPU
		{206028E2-A372-7F05-23D7-D8EA3CBD2F50}.Release|Any CPU.ActiveCfg = Release|Any CPU
		{206028E2-A372-7F05-23D7-D8EA3CBD2F50}.Release|Any CPU.Build.0 = Release|Any CPU
	EndGlobalSection
	GlobalSection(SolutionProperties) = preSolution
		HideSolutionNode = FALSE
	EndGlobalSection
EndGlobal
